
Microsoft Visual Studio Solution File, Format Version 12.00
# Visual Studio 15
Project("{FAE04EC0-301F-11D3-BF4B-00C04F79EFBC}") = "RazorPagesMovie", "RazorPagesMovie.csproj", "{BC27D30C-C92B-4928-80AE-9E6C92C54625}"
EndProject
Global
	GlobalSection(SolutionConfigurationPlatforms) = preSolution
		Debug|Any CPU = Debug|Any CPU
		Release|Any CPU = Release|Any CPU
	EndGlobalSection
	GlobalSection(ProjectConfigurationPlatforms) = postSolution
		{BC27D30C-C92B-4928-80AE-9E6C92C54625}.Debug|Any CPU.ActiveCfg = Debug|Any CPU
		{BC27D30C-C92B-4928-80AE-9E6C92C54625}.Debug|Any CPU.Build.0 = Debug|Any CPU
		{BC27D30C-C92B-4928-80AE-9E6C92C54625}.Release|Any CPU.ActiveCfg = Release|Any CPU
		{BC27D30C-C92B-4928-80AE-9E6C92C54625}.Release|Any CPU.Build.0 = Release|Any CPU
	EndGlobalSection
EndGlobal
